
Microsoft Visual Studio Solution File, Format Version 12.00
# Visual Studio 15
VisualStudioVersion = 15.0.28010.2016
MinimumVisualStudioVersion = 10.0.40219.1
Project("{FAE04EC0-301F-11D3-BF4B-00C04F79EFBC}") = "Server", "Server.csproj", "{5B89824D-3D38-450D-A9CA-941BD566759E}"
EndProject
Project("{FAE04EC0-301F-11D3-BF4B-00C04F79EFBC}") = "Logic", "Logic\Logic.csproj", "{8851048C-4B26-40F4-944C-E22921A2E9D5}"
EndProject
Global
	GlobalSection(SolutionConfigurationPlatforms) = preSolution
		Debug|Any CPU = Debug|Any CPU
		Release|Any CPU = Release|Any CPU
	EndGlobalSection
	GlobalSection(ProjectConfigurationPlatforms) = postSolution
		{5B89824D-3D38-450D-A9CA-941BD566759E}.Debug|Any CPU.ActiveCfg = Debug|Any CPU
		{5B89824D-3D38-450D-A9CA-941BD566759E}.Debug|Any CPU.Build.0 = Debug|Any CPU
		{5B89824D-3D38-450D-A9CA-941BD566759E}.Release|Any CPU.ActiveCfg = Release|Any CPU
		{5B89824D-3D38-450D-A9CA-941BD566759E}.Release|Any CPU.Build.0 = Release|Any CPU
		{8851048C-4B26-40F4-944C-E22921A2E9D5}.Debug|Any CPU.ActiveCfg = Debug|Any CPU
		{8851048C-4B26-40F4-944C-E22921A2E9D5}.Debug|Any CPU.Build.0 = Debug|Any CPU
		{8851048C-4B26-40F4-944C-E22921A2E9D5}.Release|Any CPU.ActiveCfg = Release|Any CPU
		{8851048C-4B26-40F4-944C-E22921A2E9D5}.Release|Any CPU.Build.0 = Release|Any CPU
	EndGlobalSection
	GlobalSection(SolutionProperties) = preSolution
		HideSolutionNode = FALSE
	EndGlobalSection
	GlobalSection(ExtensibilityGlobals) = postSolution
		SolutionGuid = {A8E8B76D-9A48-4668-A9C6-3AC3CBFFA45A}
	EndGlobalSection
EndGlobal
